{
  "requires": true,
  "lockfileVersion": 1,
  "dependencies": {
    "nmanion-palindrome": {
      "version": "0.1.0",
      "resolved": "https://registry.npmjs.org/nmanion-palindrome/-/nmanion-palindrome-0.1.0.tgz",
      "integrity": "sha512-SOo2HVy1DmRVRK7Ibw8XOk66YDPVpajTOpbGXkwDbfe40rPW19x2n6lXrDHZyoEKFuez1YIWDIYLB/JCgN5Zhw=="
    }
  }
}
